
Microsoft Visual Studio Solution File, Format Version 12.00
# Visual Studio Version 17
VisualStudioVersion = 17.1.32328.378
MinimumVisualStudioVersion = 10.0.40219.1
Project("{FAE04EC0-301F-11D3-BF4B-00C04F79EFBC}") = "SalespersonDemo", "SalespersonDemo\SalespersonDemo.csproj", "{679E76E4-D46C-4A70-9912-3ABD0B652B29}"
EndProject
Global
	GlobalSection(SolutionConfigurationPlatforms) = preSolution
		Debug|Any CPU = Debug|Any CPU
		Release|Any CPU = Release|Any CPU
	EndGlobalSection
	GlobalSection(ProjectConfigurationPlatforms) = postSolution
		{679E76E4-D46C-4A70-9912-3ABD0B652B29}.Debug|Any CPU.ActiveCfg = Debug|Any CPU
		{679E76E4-D46C-4A70-9912-3ABD0B652B29}.Debug|Any CPU.Build.0 = Debug|Any CPU
		{679E76E4-D46C-4A70-9912-3ABD0B652B29}.Release|Any CPU.ActiveCfg = Release|Any CPU
		{679E76E4-D46C-4A70-9912-3ABD0B652B29}.Release|Any CPU.Build.0 = Release|Any CPU
	EndGlobalSection
	GlobalSection(SolutionProperties) = preSolution
		HideSolutionNode = FALSE
	EndGlobalSection
	GlobalSection(ExtensibilityGlobals) = postSolution
		SolutionGuid = {61EEF8C5-F185-4C87-A6D4-5CA0531ABDFA}
	EndGlobalSection
EndGlobal
