
Microsoft Visual Studio Solution File, Format Version 12.00
# Visual Studio Version 17
VisualStudioVersion = 17.1.32328.378
MinimumVisualStudioVersion = 10.0.40219.1
Project("{FAE04EC0-301F-11D3-BF4B-00C04F79EFBC}") = "Lab6", "Lab6.csproj", "{A968F30E-6894-47D9-8676-88257C1C9A7A}"
EndProject
Global
	GlobalSection(SolutionConfigurationPlatforms) = preSolution
		Debug|Any CPU = Debug|Any CPU
		Release|Any CPU = Release|Any CPU
	EndGlobalSection
	GlobalSection(ProjectConfigurationPlatforms) = postSolution
		{A968F30E-6894-47D9-8676-88257C1C9A7A}.Debug|Any CPU.ActiveCfg = Debug|Any CPU
		{A968F30E-6894-47D9-8676-88257C1C9A7A}.Debug|Any CPU.Build.0 = Debug|Any CPU
		{A968F30E-6894-47D9-8676-88257C1C9A7A}.Release|Any CPU.ActiveCfg = Release|Any CPU
		{A968F30E-6894-47D9-8676-88257C1C9A7A}.Release|Any CPU.Build.0 = Release|Any CPU
	EndGlobalSection
	GlobalSection(SolutionProperties) = preSolution
		HideSolutionNode = FALSE
	EndGlobalSection
	GlobalSection(ExtensibilityGlobals) = postSolution
		SolutionGuid = {E8F9240A-977C-41BD-A9F7-DE9F75B537C8}
	EndGlobalSection
EndGlobal
